Microsoft Visual Studio Solution File, Format Version 12.00
# Visual Studio Version 17
VisualStudioVersion = 17.0.31903.59
MinimumVisualStudioVersion = 10.0.40219.1
Project("{FAE04EC0-301F-11D3-BF4B-00C04F79EFBC}") = "AsyncDataLibrary", "AsyncDataLibrary\AsyncDataLibrary.csproj", "{2F4D9F02-6556-4D82-87A0-8323A939E201}"
EndProject
Project("{FAE04EC0-301F-11D3-BF4B-00C04F79EFBC}") = "AsyncDataLibrary.Demo", "AsyncDataLibrary.Demo\AsyncDataLibrary.Demo.csproj", "{A31CCB7D-7309-4DD4-84E4-61514F8A77C0}"
EndProject
Global
	GlobalSection(SolutionConfigurationPlatforms) = preSolution
		Debug|Any CPU = Debug|Any CPU
		Release|Any CPU = Release|Any CPU
	EndGlobalSection
	GlobalSection(ProjectConfigurationPlatforms) = postSolution
		{2F4D9F02-6556-4D82-87A0-8323A939E201}.Debug|Any CPU.ActiveCfg = Debug|Any CPU
		{2F4D9F02-6556-4D82-87A0-8323A939E201}.Debug|Any CPU.Build.0 = Debug|Any CPU
		{2F4D9F02-6556-4D82-87A0-8323A939E201}.Release|Any CPU.ActiveCfg = Release|Any CPU
		{2F4D9F02-6556-4D82-87A0-8323A939E201}.Release|Any CPU.Build.0 = Release|Any CPU
		{A31CCB7D-7309-4DD4-84E4-61514F8A77C0}.Debug|Any CPU.ActiveCfg = Debug|Any CPU
		{A31CCB7D-7309-4DD4-84E4-61514F8A77C0}.Debug|Any CPU.Build.0 = Debug|Any CPU
		{A31CCB7D-7309-4DD4-84E4-61514F8A77C0}.Release|Any CPU.ActiveCfg = Release|Any CPU
		{A31CCB7D-7309-4DD4-84E4-61514F8A77C0}.Release|Any CPU.Build.0 = Release|Any CPU
	EndGlobalSection
EndGlobal
